
Microsoft Visual Studio Solution File, Format Version 12.00
# Visual Studio Version 17
VisualStudioVersion = 17.4.32804.182
MinimumVisualStudioVersion = 10.0.40219.1
Project("{FAE04EC0-301F-11D3-BF4B-00C04F79EFBC}") = "RazorProblemWithTuple", "RazorProblemWithTuple\RazorProblemWithTuple.csproj", "{3BC6E66F-D4BA-46A9-B446-E0EC2FB686A0}"
EndProject
Global
	GlobalSection(SolutionConfigurationPlatforms) = preSolution
		Debug|Any CPU = Debug|Any CPU
		Release|Any CPU = Release|Any CPU
	EndGlobalSection
	GlobalSection(ProjectConfigurationPlatforms) = postSolution
		{3BC6E66F-D4BA-46A9-B446-E0EC2FB686A0}.Debug|Any CPU.ActiveCfg = Debug|Any CPU
		{3BC6E66F-D4BA-46A9-B446-E0EC2FB686A0}.Debug|Any CPU.Build.0 = Debug|Any CPU
		{3BC6E66F-D4BA-46A9-B446-E0EC2FB686A0}.Release|Any CPU.ActiveCfg = Release|Any CPU
		{3BC6E66F-D4BA-46A9-B446-E0EC2FB686A0}.Release|Any CPU.Build.0 = Release|Any CPU
	EndGlobalSection
	GlobalSection(SolutionProperties) = preSolution
		HideSolutionNode = FALSE
	EndGlobalSection
	GlobalSection(ExtensibilityGlobals) = postSolution
		SolutionGuid = {366E075C-4373-411E-8872-3E1D3A5E5F3B}
	EndGlobalSection
EndGlobal
